<?xml version="1.0" encoding="utf-8"?>
<Project ToolsVersion="4.0" xmlns="http://schemas.microsoft.com/developer/msbuild/2003">
  <ItemGroup>
    <Filter Include="Source Files">
      <UniqueIdentifier>{4FC737F1-C7A5-4376-A066-2A32D752A2FF}</UniqueIdentifier>
      <Extensions>cpp;c;cc;cxx;c++;cppm;ixx;def;odl;idl;hpj;bat;asm;asmx</Extensions>
    </Filter>
    <Filter Include="Header Files">
      <UniqueIdentifier>{93995380-89BD-4b04-88EB-625FBE52EBFB}</UniqueIdentifier>
      <Extensions>h;hh;hpp;hxx;h++;hm;inl;inc;ipp;xsd</Extensions>
    </Filter>
    <Filter Include="Resource Files">
      <UniqueIdentifier>{67DA6AB6-F800-4c08-8B7A-83BB121AAD01}</UniqueIdentifier>
      <Extensions>rc;ico;cur;bmp;dlg;rc2;rct;bin;rgs;gif;jpg;jpeg;jpe;resx;tiff;tif;png;wav;mfcribbon-ms</Extensions>
    </Filter>
  </ItemGroup>
  <ItemGroup>
    <ClCompile Include="mglApp.cpp">
      <Filter>Source Files</Filter>
    </ClCompile>
    <ClCompile Include="mglCamera.cpp">
      <Filter>Source Files</Filter>
    </ClCompile>
    <ClCompile Include="mglError.cpp">
      <Filter>Source Files</Filter>
    </ClCompile>
    <ClCompile Include="mglShader.cpp">
      <Filter>Source Files</Filter>
    </ClCompile>
    <ClCompile Include="mglMesh.cpp">
      <Filter>Source Files</Filter>
    </ClCompile>
    <ClCompile Include="node.cpp">
      <Filter>Source Files</Filter>
    </ClCompile>
    <ClCompile Include="assignment5.cpp">
      <Filter>Source Files</Filter>
    </ClCompile>
    <ClCompile Include="mglSampler.cpp">
      <Filter>Source Files</Filter>
    </ClCompile>
    <ClCompile Include="MouseSelection.cpp">
      <Filter>Source Files</Filter>
    </ClCompile>
    <ClCompile Include="mglTexture.cpp">
      <Filter>Source Files</Filter>
    </ClCompile>
    <ClCompile Include="HUD.cpp">
      <Filter>Source Files</Filter>
    </ClCompile>
  </ItemGroup>
  <ItemGroup>
    <ClInclude Include="mgl.hpp">
      <Filter>Header Files</Filter>
    </ClInclude>
    <ClInclude Include="mglApp.hpp">
      <Filter>Header Files</Filter>
    </ClInclude>
    <ClInclude Include="mglCamera.hpp">
      <Filter>Header Files</Filter>
    </ClInclude>
    <ClInclude Include="mglConventions.hpp">
      <Filter>Header Files</Filter>
    </ClInclude>
    <ClInclude Include="mglError.hpp">
      <Filter>Header Files</Filter>
    </ClInclude>
    <ClInclude Include="mglShader.hpp">
      <Filter>Header Files</Filter>
    </ClInclude>
    <ClInclude Include="resource.h">
      <Filter>Header Files</Filter>
    </ClInclude>
    <ClInclude Include="mglMesh.hpp">
      <Filter>Header Files</Filter>
    </ClInclude>
    <ClInclude Include="node.h">
      <Filter>Header Files</Filter>
    </ClInclude>
    <ClInclude Include="mglSampler.hpp">
      <Filter>Header Files</Filter>
    </ClInclude>
    <ClInclude Include="MouseSelection.h">
      <Filter>Header Files</Filter>
    </ClInclude>
    <ClInclude Include="mglTexture.hpp">
      <Filter>Header Files</Filter>
    </ClInclude>
    <ClInclude Include="HUD.h">
      <Filter>Header Files</Filter>
    </ClInclude>
  </ItemGroup>
  <ItemGroup>
    <ResourceCompile Include="Application.rc">
      <Filter>Resource Files</Filter>
    </ResourceCompile>
  </ItemGroup>
  <ItemGroup>
    <None Include="cel_noise-fs.glsl" />
    <None Include="cel_noise-vs.glsl" />
    <None Include="main-fs.glsl" />
    <None Include="main-vs.glsl" />
    <None Include="text-fs.glsl" />
    <None Include="text-vs.glsl" />
    <None Include="overlay-fs.glsl" />
    <None Include="overlay-vs.glsl" />
  </ItemGroup>
</Project>